{
  "version": 4,
  "terraform_version": "1.3.7",
  "serial": 110,
  "lineage": "f6344caa-2101-2e03-7ceb-1fce98d37073",
  "outputs": {
    "kubernetes_cluster_host": {
      "value": "35.225.1.239",
      "type": "string"
    },
    "kubernetes_cluster_name": {
      "value": "audio-streaming-data-platform-gke",
      "type": "string"
    },
    "project_id": {
      "value": "audio-streaming-data-platform",
      "type": "string"
    },
    "region": {
      "value": "us-central1",
      "type": "string"
    },
    "zone": {
      "value": "us-central1-f",
      "type": "string"
    }
  },
  "resources": [
    {
      "mode": "managed",
      "type": "google_compute_network",
      "name": "vpc",
      "provider": "provider[\"registry.terraform.io/hashicorp/google\"]",
      "instances": [
        {
          "schema_version": 0,
          "attributes": {
            "auto_create_subnetworks": false,
            "delete_default_routes_on_create": false,
            "description": "",
            "enable_ula_internal_ipv6": false,
            "gateway_ipv4": "",
            "id": "projects/audio-streaming-data-platform/global/networks/audio-streaming-data-platform-vpc",
            "internal_ipv6_range": "",
            "mtu": 0,
            "name": "audio-streaming-data-platform-vpc",
            "network_firewall_policy_enforcement_order": "AFTER_CLASSIC_FIREWALL",
            "project": "audio-streaming-data-platform",
            "routing_mode": "REGIONAL",
            "self_link": "https://www.googleapis.com/compute/v1/projects/audio-streaming-data-platform/global/networks/audio-streaming-data-platform-vpc",
            "timeouts": null
          },
          "sensitive_attributes": [],
          "private": "eyJlMmJmYjczMC1lY2FhLTExZTYtOGY4OC0zNDM2M2JjN2M0YzAiOnsiY3JlYXRlIjoxMjAwMDAwMDAwMDAwLCJkZWxldGUiOjEyMDAwMDAwMDAwMDAsInVwZGF0ZSI6MTIwMDAwMDAwMDAwMH19"
        }
      ]
    },
    {
      "mode": "managed",
      "type": "google_compute_subnetwork",
      "name": "subnet",
      "provider": "provider[\"registry.terraform.io/hashicorp/google\"]",
      "instances": [
        {
          "schema_version": 0,
          "attributes": {
            "creation_timestamp": "2023-05-01T07:55:51.273-07:00",
            "description": "",
            "external_ipv6_prefix": "",
            "fingerprint": null,
            "gateway_address": "10.10.0.1",
            "id": "projects/audio-streaming-data-platform/regions/us-central1/subnetworks/audio-streaming-data-platform-subnet",
            "ip_cidr_range": "10.10.0.0/24",
            "ipv6_access_type": "",
            "ipv6_cidr_range": "",
            "log_config": [],
            "name": "audio-streaming-data-platform-subnet",
            "network": "https://www.googleapis.com/compute/v1/projects/audio-streaming-data-platform/global/networks/audio-streaming-data-platform-vpc",
            "private_ip_google_access": false,
            "private_ipv6_google_access": "DISABLE_GOOGLE_ACCESS",
            "project": "audio-streaming-data-platform",
            "purpose": "PRIVATE",
            "region": "us-central1",
            "role": "",
            "secondary_ip_range": [],
            "self_link": "https://www.googleapis.com/compute/v1/projects/audio-streaming-data-platform/regions/us-central1/subnetworks/audio-streaming-data-platform-subnet",
            "stack_type": "IPV4_ONLY",
            "timeouts": null
          },
          "sensitive_attributes": [],
          "private": "eyJlMmJmYjczMC1lY2FhLTExZTYtOGY4OC0zNDM2M2JjN2M0YzAiOnsiY3JlYXRlIjoxMjAwMDAwMDAwMDAwLCJkZWxldGUiOjEyMDAwMDAwMDAwMDAsInVwZGF0ZSI6MTIwMDAwMDAwMDAwMH19",
          "dependencies": [
            "google_compute_network.vpc"
          ]
        }
      ]
    },
    {
      "mode": "managed",
      "type": "google_container_cluster",
      "name": "primary",
      "provider": "provider[\"registry.terraform.io/hashicorp/google\"]",
      "instances": [
        {
          "schema_version": 1,
          "attributes": {
            "addons_config": [
              {
                "cloudrun_config": [],
                "config_connector_config": [],
                "dns_cache_config": [],
                "gce_persistent_disk_csi_driver_config": [
                  {
                    "enabled": true
                  }
                ],
                "gcp_filestore_csi_driver_config": [],
                "gke_backup_agent_config": [],
                "horizontal_pod_autoscaling": [],
                "http_load_balancing": [],
                "network_policy_config": [
                  {
                    "disabled": true
                  }
                ]
              }
            ],
            "authenticator_groups_config": [],
            "binary_authorization": [
              {
                "enabled": false,
                "evaluation_mode": ""
              }
            ],
            "cluster_autoscaling": [
              {
                "auto_provisioning_defaults": [],
                "enabled": false,
                "resource_limits": []
              }
            ],
            "cluster_ipv4_cidr": "10.168.0.0/14",
            "confidential_nodes": [],
            "cost_management_config": [],
            "database_encryption": [
              {
                "key_name": "",
                "state": "DECRYPTED"
              }
            ],
            "datapath_provider": "",
            "default_max_pods_per_node": null,
            "default_snat_status": [
              {
                "disabled": false
              }
            ],
            "description": "",
            "dns_config": [],
            "enable_autopilot": false,
            "enable_binary_authorization": false,
            "enable_intranode_visibility": false,
            "enable_kubernetes_alpha": false,
            "enable_l4_ilb_subsetting": false,
            "enable_legacy_abac": false,
            "enable_shielded_nodes": true,
            "enable_tpu": false,
            "endpoint": "35.225.1.239",
            "gateway_api_config": [],
            "id": "projects/audio-streaming-data-platform/locations/us-central1-f/clusters/audio-streaming-data-platform-gke",
            "initial_node_count": 1,
            "ip_allocation_policy": [],
            "label_fingerprint": "a9dc16a7",
            "location": "us-central1-f",
            "logging_config": [
              {
                "enable_components": [
                  "SYSTEM_COMPONENTS",
                  "WORKLOADS"
                ]
              }
            ],
            "logging_service": "logging.googleapis.com/kubernetes",
            "maintenance_policy": [],
            "master_auth": [
              {
                "client_certificate": "",
                "client_certificate_config": [
                  {
                    "issue_client_certificate": false
                  }
                ],
                "client_key": "",
                "cluster_ca_certificate": "LS0tLS1CRUdJTiBDRVJUSUZJQ0FURS0tLS0tCk1JSUVMVENDQXBXZ0F3SUJBZ0lSQU0wbmVtVHdMa05zVHhmd0pQUXlDUDB3RFFZSktvWklodmNOQVFFTEJRQXcKTHpFdE1Dc0dBMVVFQXhNa00yTmtaVGsyWXpRdE5UZzRZUzAwT1RZM0xUZzFaR0l0WlRsbU0yTmhOMk0yWlRkbApNQ0FYRFRJek1EVXdNVEV6TlRZd01Wb1lEekl3TlRNd05ESXpNVFExTmpBeFdqQXZNUzB3S3dZRFZRUURFeVF6ClkyUmxPVFpqTkMwMU9EaGhMVFE1TmpjdE9EVmtZaTFsT1dZelkyRTNZelpsTjJVd2dnR2lNQTBHQ1NxR1NJYjMKRFFFQkFRVUFBNElCandBd2dnR0tBb0lCZ1FDNGJDbDNVd21yR3J1T3lEdU83SGhXeSt2SkZZNktrOG9MWnk5SgpLOW55UXhCT3ZJVjVCRWpTQVprVUozZjJOeU03Yzh3b2xnbFI1ajZFQzdja1JodTVFb2RVM1ZlYUtsMVF4YjQ0Cm1IWUY5NWZ1MFM2RnBVUDduSVhYMGJublV1dW1QWWtqVDYzeit5ZUdvWFhIQkc1bnUwVCtIaXRNNVRySDY2RTMKbi9KcWl5UXA1N2RMQ05CZ0V5azNzNTFwYVRpd0JYUk1NU3NyWEtOamlmQXNDR3dvUkFVRXoxTWdCQWRRWlZQNQprWko5cm1yMFZSTHZrWDJ2TGpWaHVDazhTZmxDOTRxblFab3F1cFhNdk5OaFQvdFJ5ZjR5QlVMN1M0NVFGeHgrCjFlS0RzV1ZCNUJKK250WWtJVG5WL25Od2FOWFA1a25UZ2JOYWx1YVoxTEFMc2tiNi9RdndtNlIyMlV1aVVDUjQKb0dqOFE0bVpyaHZTY0NnRFdnNmpTYmlSWXhjT1hRakhKWEhSbm9BOGxGNDYxcUxKS1dPazVIUnRlT25OMmNsMApwVS9mQTB2NmpIVUJHMk9UVFliaEhsMVNnaGpGMHpLdkp4RmxMd2lEN0d1WWQ0S2tvbUNoUERvQi9pdHdjTSt4ClFCQi9kTUNNQTNYZjZaWUhPejNQSlNZeEIvVUNBd0VBQWFOQ01FQXdEZ1lEVlIwUEFRSC9CQVFEQWdJRU1BOEcKQTFVZEV3RUIvd1FGTUFNQkFmOHdIUVlEVlIwT0JCWUVGSFppdkovTHc3ODN5dTF3VzNqdk52cVNMaWRtTUEwRwpDU3FHU0liM0RRRUJDd1VBQTRJQmdRQnR3elJQVmN2bFJaTWFrMU01a0NwU1h3TVZSNk9ES3lGQllYb3krY2wzCjl6SjVRcDI1K2E4Z05uWVo4a3dxZEV4WVhVN29yU2FuVTZpTXVneGlqdWZ1V1hkSkxxQXY1MHFSRDgwK1hSWU0KV29ndXYxRlhwUkdObEhjc1RWYmVBM2Y0b3FCMTkzKzVNSjl0cThNV240dHZtTW1IS0Q1UWpXdm9IaVF1YWdJOApkdGFkUk1pSEZ5dkNFUlBhTjVaWVdRNVdqdjdTM01sMmNMRks2emxkQVR0czVpQm9RZWFBaUJGNVJuQVBvRk5qCjJhMWs0dklueUN0UDUwcjRuUFlEaWpoWldBOHdsOFZseEJQYmlDb2czdk9ieTMzVHJoWVg4KzJ4NFBmYU9QZWoKSWNPM2k4TGdySE9yOTNzaS92d1dpeXhZV0FlMXJUQVVZYnhoM1NQR2NDSVY5enl5TG83bjVjVG9OQzBKMTZOVQpDNzRwL1hHSEF3S1dadzJwN0RiQUpway9hU2o5MlhiSjJsTWtucG9Fa2lyT2lieGJWUVg3Ync3amY4NmhSZkhLCnFPdmVGS3MwbTZNT0JKbmFPR21xZnQ2SUZhVU1weDZXcGtKanNVbVZLdE1uRFZQejBVZkhhbEVlUVJQMWRVdlAKK2Y3YWMwVFNtVGMxQmRBeUpjSm9raHM9Ci0tLS0tRU5EIENFUlRJRklDQVRFLS0tLS0K"
              }
            ],
            "master_authorized_networks_config": [],
            "master_version": "1.25.7-gke.1000",
            "mesh_certificates": [],
            "min_master_version": null,
            "monitoring_config": [
              {
                "enable_components": [
                  "SYSTEM_COMPONENTS"
                ],
                "managed_prometheus": []
              }
            ],
            "monitoring_service": "monitoring.googleapis.com/kubernetes",
            "name": "audio-streaming-data-platform-gke",
            "network": "projects/audio-streaming-data-platform/global/networks/audio-streaming-data-platform-vpc",
            "network_policy": [
              {
                "enabled": false,
                "provider": "PROVIDER_UNSPECIFIED"
              }
            ],
            "networking_mode": "ROUTES",
            "node_config": [],
            "node_locations": [],
            "node_pool": [],
            "node_pool_defaults": [
              {
                "node_config_defaults": [
                  {
                    "logging_variant": "DEFAULT"
                  }
                ]
              }
            ],
            "node_version": "1.25.7-gke.1000",
            "notification_config": [
              {
                "pubsub": [
                  {
                    "enabled": false,
                    "filter": [],
                    "topic": ""
                  }
                ]
              }
            ],
            "operation": null,
            "private_cluster_config": [
              {
                "enable_private_endpoint": false,
                "enable_private_nodes": false,
                "master_global_access_config": [
                  {
                    "enabled": false
                  }
                ],
                "master_ipv4_cidr_block": "",
                "peering_name": "",
                "private_endpoint": "10.10.0.2",
                "private_endpoint_subnetwork": "",
                "public_endpoint": "35.225.1.239"
              }
            ],
            "private_ipv6_google_access": "",
            "project": "audio-streaming-data-platform",
            "release_channel": [
              {
                "channel": "REGULAR"
              }
            ],
            "remove_default_node_pool": true,
            "resource_labels": null,
            "resource_usage_export_config": [],
            "self_link": "https://container.googleapis.com/v1/projects/audio-streaming-data-platform/zones/us-central1-f/clusters/audio-streaming-data-platform-gke",
            "service_external_ips_config": [
              {
                "enabled": false
              }
            ],
            "services_ipv4_cidr": "10.171.240.0/20",
            "subnetwork": "projects/audio-streaming-data-platform/regions/us-central1/subnetworks/audio-streaming-data-platform-subnet",
            "timeouts": null,
            "tpu_ipv4_cidr_block": "",
            "vertical_pod_autoscaling": [],
            "workload_identity_config": []
          },
          "sensitive_attributes": [],
          "private": "eyJlMmJmYjczMC1lY2FhLTExZTYtOGY4OC0zNDM2M2JjN2M0YzAiOnsiY3JlYXRlIjoyNDAwMDAwMDAwMDAwLCJkZWxldGUiOjI0MDAwMDAwMDAwMDAsInJlYWQiOjI0MDAwMDAwMDAwMDAsInVwZGF0ZSI6MzYwMDAwMDAwMDAwMH0sInNjaGVtYV92ZXJzaW9uIjoiMSJ9",
          "dependencies": [
            "google_compute_network.vpc",
            "google_compute_subnetwork.subnet"
          ]
        }
      ]
    },
    {
      "mode": "managed",
      "type": "google_container_node_pool",
      "name": "primary_nodes",
      "provider": "provider[\"registry.terraform.io/hashicorp/google\"]",
      "instances": [
        {
          "schema_version": 1,
          "attributes": {
            "autoscaling": [],
            "cluster": "audio-streaming-data-platform-gke",
            "id": "projects/audio-streaming-data-platform/locations/us-central1-f/clusters/audio-streaming-data-platform-gke/nodePools/audio-streaming-data-platform-gke",
            "initial_node_count": 1,
            "instance_group_urls": [
              "https://www.googleapis.com/compute/v1/projects/audio-streaming-data-platform/zones/us-central1-f/instanceGroupManagers/gke-audio-streaming--audio-streaming--b2f8461e-grp"
            ],
            "location": "us-central1-f",
            "managed_instance_group_urls": [
              "https://www.googleapis.com/compute/v1/projects/audio-streaming-data-platform/zones/us-central1-f/instanceGroups/gke-audio-streaming--audio-streaming--b2f8461e-grp"
            ],
            "management": [
              {
                "auto_repair": true,
                "auto_upgrade": true
              }
            ],
            "max_pods_per_node": null,
            "name": "audio-streaming-data-platform-gke",
            "name_prefix": "",
            "network_config": [
              {
                "create_pod_range": false,
                "enable_private_nodes": false,
                "pod_cidr_overprovision_config": [],
                "pod_ipv4_cidr_block": "",
                "pod_range": ""
              }
            ],
            "node_config": [
              {
                "advanced_machine_features": [],
                "boot_disk_kms_key": "",
                "disk_size_gb": 100,
                "disk_type": "pd-balanced",
                "ephemeral_storage_local_ssd_config": [],
                "gcfs_config": [],
                "guest_accelerator": [],
                "gvnic": [],
                "image_type": "COS_CONTAINERD",
                "kubelet_config": [],
                "labels": {
                  "env": "audio-streaming-data-platform"
                },
                "linux_node_config": [],
                "local_nvme_ssd_block_config": [],
                "local_ssd_count": 0,
                "logging_variant": "DEFAULT",
                "machine_type": "e2-standard-4",
                "metadata": {
                  "disable-legacy-endpoints": "true"
                },
                "min_cpu_platform": "",
                "node_group": "",
                "oauth_scopes": [
                  "https://www.googleapis.com/auth/devstorage.read_only",
                  "https://www.googleapis.com/auth/logging.write",
                  "https://www.googleapis.com/auth/monitoring",
                  "https://www.googleapis.com/auth/service.management.readonly",
                  "https://www.googleapis.com/auth/servicecontrol",
                  "https://www.googleapis.com/auth/trace.append"
                ],
                "preemptible": false,
                "reservation_affinity": [],
                "resource_labels": null,
                "service_account": "default",
                "shielded_instance_config": [
                  {
                    "enable_integrity_monitoring": true,
                    "enable_secure_boot": false
                  }
                ],
                "spot": false,
                "tags": [
                  "gke-node",
                  "audio-streaming-data-platform-gke"
                ],
                "taint": [],
                "workload_metadata_config": []
              }
            ],
            "node_count": 1,
            "node_locations": [
              "us-central1-f"
            ],
            "operation": null,
            "placement_policy": [],
            "project": "audio-streaming-data-platform",
            "timeouts": null,
            "upgrade_settings": [
              {
                "blue_green_settings": [],
                "max_surge": 1,
                "max_unavailable": 0,
                "strategy": "SURGE"
              }
            ],
            "version": "1.25.7-gke.1000"
          },
          "sensitive_attributes": [],
          "private": "eyJlMmJmYjczMC1lY2FhLTExZTYtOGY4OC0zNDM2M2JjN2M0YzAiOnsiY3JlYXRlIjoxODAwMDAwMDAwMDAwLCJkZWxldGUiOjE4MDAwMDAwMDAwMDAsInVwZGF0ZSI6MTgwMDAwMDAwMDAwMH0sInNjaGVtYV92ZXJzaW9uIjoiMSJ9",
          "dependencies": [
            "google_compute_network.vpc",
            "google_compute_subnetwork.subnet",
            "google_container_cluster.primary"
          ]
        }
      ]
    }
  ],
  "check_results": null
}
